
Microsoft Visual Studio Solution File, Format Version 11.00
# Visual Studio 2010
Project("{FAE04EC0-301F-11D3-BF4B-00C04F79EFBC}") = "WebApplication3", "WebApplication3\WebApplication3.csproj", "{61AB340A-E339-496B-B798-A01B04529ABF}"
EndProject
Global
	GlobalSection(SolutionConfigurationPlatforms) = preSolution
		Debug|Any CPU = Debug|Any CPU
		Release|Any CPU = Release|Any CPU
	EndGlobalSection
	GlobalSection(ProjectConfigurationPlatforms) = postSolution
		{61AB340A-E339-496B-B798-A01B04529ABF}.Debug|Any CPU.ActiveCfg = Debug|Any CPU
		{61AB340A-E339-496B-B798-A01B04529ABF}.Debug|Any CPU.Build.0 = Debug|Any CPU
		{61AB340A-E339-496B-B798-A01B04529ABF}.Release|Any CPU.ActiveCfg = Release|Any CPU
		{61AB340A-E339-496B-B798-A01B04529ABF}.Release|Any CPU.Build.0 = Release|Any CPU
	EndGlobalSection
	GlobalSection(SolutionProperties) = preSolution
		HideSolutionNode = FALSE
	EndGlobalSection
EndGlobal
